
Microsoft Visual Studio Solution File, Format Version 12.00
# Visual Studio Version 16
VisualStudioVersion = 16.0.31424.327
MinimumVisualStudioVersion = 10.0.40219.1
Project("{FAE04EC0-301F-11D3-BF4B-00C04F79EFBC}") = "UpMeetAPI", "UpMeetAPI\UpMeetAPI.csproj", "{01527DDF-4FE8-4A2C-86B2-014CAD5B04BC}"
EndProject
Global
	GlobalSection(SolutionConfigurationPlatforms) = preSolution
		Debug|Any CPU = Debug|Any CPU
		Release|Any CPU = Release|Any CPU
	EndGlobalSection
	GlobalSection(ProjectConfigurationPlatforms) = postSolution
		{01527DDF-4FE8-4A2C-86B2-014CAD5B04BC}.Debug|Any CPU.ActiveCfg = Debug|Any CPU
		{01527DDF-4FE8-4A2C-86B2-014CAD5B04BC}.Debug|Any CPU.Build.0 = Debug|Any CPU
		{01527DDF-4FE8-4A2C-86B2-014CAD5B04BC}.Release|Any CPU.ActiveCfg = Release|Any CPU
		{01527DDF-4FE8-4A2C-86B2-014CAD5B04BC}.Release|Any CPU.Build.0 = Release|Any CPU
	EndGlobalSection
	GlobalSection(SolutionProperties) = preSolution
		HideSolutionNode = FALSE
	EndGlobalSection
	GlobalSection(ExtensibilityGlobals) = postSolution
		SolutionGuid = {687B8283-A58E-4FA1-9D09-676BBAC3AAB9}
	EndGlobalSection
EndGlobal
